
Microsoft Visual Studio Solution File, Format Version 12.00
# Visual Studio Version 17
VisualStudioVersion = 17.4.33122.133
MinimumVisualStudioVersion = 10.0.40219.1
Project("{FAE04EC0-301F-11D3-BF4B-00C04F79EFBC}") = "Store.Application", "Store.Application\Store.Application.csproj", "{1C090B13-C4A5-46F1-B77D-3B1F90186E53}"
EndProject
Project("{FAE04EC0-301F-11D3-BF4B-00C04F79EFBC}") = "Store.Data", "Store.Data\Store.Data.csproj", "{38F31036-4031-432E-8F67-BEE3B26324B2}"
EndProject
Global
	GlobalSection(SolutionConfigurationPlatforms) = preSolution
		Debug|Any CPU = Debug|Any CPU
		Release|Any CPU = Release|Any CPU
	EndGlobalSection
	GlobalSection(ProjectConfigurationPlatforms) = postSolution
		{1C090B13-C4A5-46F1-B77D-3B1F90186E53}.Debug|Any CPU.ActiveCfg = Debug|Any CPU
		{1C090B13-C4A5-46F1-B77D-3B1F90186E53}.Debug|Any CPU.Build.0 = Debug|Any CPU
		{1C090B13-C4A5-46F1-B77D-3B1F90186E53}.Release|Any CPU.ActiveCfg = Release|Any CPU
		{1C090B13-C4A5-46F1-B77D-3B1F90186E53}.Release|Any CPU.Build.0 = Release|Any CPU
		{38F31036-4031-432E-8F67-BEE3B26324B2}.Debug|Any CPU.ActiveCfg = Debug|Any CPU
		{38F31036-4031-432E-8F67-BEE3B26324B2}.Debug|Any CPU.Build.0 = Debug|Any CPU
		{38F31036-4031-432E-8F67-BEE3B26324B2}.Release|Any CPU.ActiveCfg = Release|Any CPU
		{38F31036-4031-432E-8F67-BEE3B26324B2}.Release|Any CPU.Build.0 = Release|Any CPU
	EndGlobalSection
	GlobalSection(SolutionProperties) = preSolution
		HideSolutionNode = FALSE
	EndGlobalSection
	GlobalSection(ExtensibilityGlobals) = postSolution
		SolutionGuid = {06192B0A-B445-4DAE-9AEB-3C1ADA37ACE2}
	EndGlobalSection
EndGlobal
